
Microsoft Visual Studio Solution File, Format Version 12.00
# Visual Studio Version 16
VisualStudioVersion = 16.0.810.8
MinimumVisualStudioVersion = 10.0.40219.1
Project("{FAE04EC0-301F-11D3-BF4B-00C04F79EFBC}") = "MethodOverload", "MethodOverload\MethodOverload.csproj", "{ADC54AE5-92BB-41A3-B029-A966005885AA}"
EndProject
Global
	GlobalSection(SolutionConfigurationPlatforms) = preSolution
		Debug|Any CPU = Debug|Any CPU
		Release|Any CPU = Release|Any CPU
	EndGlobalSection
	GlobalSection(ProjectConfigurationPlatforms) = postSolution
		{ADC54AE5-92BB-41A3-B029-A966005885AA}.Debug|Any CPU.ActiveCfg = Debug|Any CPU
		{ADC54AE5-92BB-41A3-B029-A966005885AA}.Debug|Any CPU.Build.0 = Debug|Any CPU
		{ADC54AE5-92BB-41A3-B029-A966005885AA}.Release|Any CPU.ActiveCfg = Release|Any CPU
		{ADC54AE5-92BB-41A3-B029-A966005885AA}.Release|Any CPU.Build.0 = Release|Any CPU
	EndGlobalSection
	GlobalSection(SolutionProperties) = preSolution
		HideSolutionNode = FALSE
	EndGlobalSection
	GlobalSection(ExtensibilityGlobals) = postSolution
		SolutionGuid = {6E71C1D1-D28D-490A-AE0D-2B430D254742}
	EndGlobalSection
EndGlobal
